
Microsoft Visual Studio Solution File, Format Version 12.00
# Visual Studio Version 17
VisualStudioVersion = 17.13.35919.96
MinimumVisualStudioVersion = 10.0.40219.1
Project("{FAE04EC0-301F-11D3-BF4B-00C04F79EFBC}") = "LeagueManager", "LeagueManager\LeagueManager.csproj", "{C8624331-6DC3-4AB1-B6EA-8A0FAD451858}"
EndProject
Project("{FAE04EC0-301F-11D3-BF4B-00C04F79EFBC}") = "LeagoService", "LeagoService\LeagoService.csproj", "{575DE207-DE14-4B95-AC0F-615F74CB99C4}"
EndProject
Project("{FAE04EC0-301F-11D3-BF4B-00C04F79EFBC}") = "Data", "Data\Data.csproj", "{BCB2EAAC-2E50-4361-A014-F036F0409F02}"
EndProject
Project("{FAE04EC0-301F-11D3-BF4B-00C04F79EFBC}") = "Discord", "Discord\Discord.csproj", "{9AC2B20A-FFBE-4832-8653-465B09339964}"
EndProject
Project("{FAE04EC0-301F-11D3-BF4B-00C04F79EFBC}") = "YouTube", "YouTube\YouTube.csproj", "{E6FCF4D0-3988-4820-A30B-916AE3CD584D}"
EndProject
Project("{FAE04EC0-301F-11D3-BF4B-00C04F79EFBC}") = "GoMagic", "GoMagic\GoMagic.csproj", "{FAEA6F68-6B01-49C0-9E55-6E15C68F7083}"
EndProject
Project("{FAE04EC0-301F-11D3-BF4B-00C04F79EFBC}") = "Shared", "Shared\Shared.csproj", "{1A177773-874E-4F21-9B9C-006D9AE4E45E}"
EndProject
Project("{FAE04EC0-301F-11D3-BF4B-00C04F79EFBC}") = "LeagueCoreService", "LeagueCoreService\LeagueCoreService.csproj", "{94A50445-80EA-4F59-99AE-0E286468DD9C}"
EndProject
Global
	GlobalSection(SolutionConfigurationPlatforms) = preSolution
		Debug|Any CPU = Debug|Any CPU
		Release|Any CPU = Release|Any CPU
	EndGlobalSection
	GlobalSection(ProjectConfigurationPlatforms) = postSolution
		{C8624331-6DC3-4AB1-B6EA-8A0FAD451858}.Debug|Any CPU.ActiveCfg = Debug|Any CPU
		{C8624331-6DC3-4AB1-B6EA-8A0FAD451858}.Debug|Any CPU.Build.0 = Debug|Any CPU
		{C8624331-6DC3-4AB1-B6EA-8A0FAD451858}.Release|Any CPU.ActiveCfg = Release|Any CPU
		{C8624331-6DC3-4AB1-B6EA-8A0FAD451858}.Release|Any CPU.Build.0 = Release|Any CPU
		{575DE207-DE14-4B95-AC0F-615F74CB99C4}.Debug|Any CPU.ActiveCfg = Debug|Any CPU
		{575DE207-DE14-4B95-AC0F-615F74CB99C4}.Debug|Any CPU.Build.0 = Debug|Any CPU
		{575DE207-DE14-4B95-AC0F-615F74CB99C4}.Release|Any CPU.ActiveCfg = Release|Any CPU
		{575DE207-DE14-4B95-AC0F-615F74CB99C4}.Release|Any CPU.Build.0 = Release|Any CPU
		{BCB2EAAC-2E50-4361-A014-F036F0409F02}.Debug|Any CPU.ActiveCfg = Debug|Any CPU
		{BCB2EAAC-2E50-4361-A014-F036F0409F02}.Debug|Any CPU.Build.0 = Debug|Any CPU
		{BCB2EAAC-2E50-4361-A014-F036F0409F02}.Release|Any CPU.ActiveCfg = Release|Any CPU
		{BCB2EAAC-2E50-4361-A014-F036F0409F02}.Release|Any CPU.Build.0 = Release|Any CPU
		{9AC2B20A-FFBE-4832-8653-465B09339964}.Debug|Any CPU.ActiveCfg = Debug|Any CPU
		{9AC2B20A-FFBE-4832-8653-465B09339964}.Debug|Any CPU.Build.0 = Debug|Any CPU
		{9AC2B20A-FFBE-4832-8653-465B09339964}.Release|Any CPU.ActiveCfg = Release|Any CPU
		{9AC2B20A-FFBE-4832-8653-465B09339964}.Release|Any CPU.Build.0 = Release|Any CPU
		{E6FCF4D0-3988-4820-A30B-916AE3CD584D}.Debug|Any CPU.ActiveCfg = Debug|Any CPU
		{E6FCF4D0-3988-4820-A30B-916AE3CD584D}.Debug|Any CPU.Build.0 = Debug|Any CPU
		{E6FCF4D0-3988-4820-A30B-916AE3CD584D}.Release|Any CPU.ActiveCfg = Release|Any CPU
		{E6FCF4D0-3988-4820-A30B-916AE3CD584D}.Release|Any CPU.Build.0 = Release|Any CPU
		{FAEA6F68-6B01-49C0-9E55-6E15C68F7083}.Debug|Any CPU.ActiveCfg = Debug|Any CPU
		{FAEA6F68-6B01-49C0-9E55-6E15C68F7083}.Debug|Any CPU.Build.0 = Debug|Any CPU
		{FAEA6F68-6B01-49C0-9E55-6E15C68F7083}.Release|Any CPU.ActiveCfg = Release|Any CPU
		{FAEA6F68-6B01-49C0-9E55-6E15C68F7083}.Release|Any CPU.Build.0 = Release|Any CPU
		{1A177773-874E-4F21-9B9C-006D9AE4E45E}.Debug|Any CPU.ActiveCfg = Debug|Any CPU
		{1A177773-874E-4F21-9B9C-006D9AE4E45E}.Debug|Any CPU.Build.0 = Debug|Any CPU
		{1A177773-874E-4F21-9B9C-006D9AE4E45E}.Release|Any CPU.ActiveCfg = Release|Any CPU
		{1A177773-874E-4F21-9B9C-006D9AE4E45E}.Release|Any CPU.Build.0 = Release|Any CPU
		{94A50445-80EA-4F59-99AE-0E286468DD9C}.Debug|Any CPU.ActiveCfg = Debug|Any CPU
		{94A50445-80EA-4F59-99AE-0E286468DD9C}.Debug|Any CPU.Build.0 = Debug|Any CPU
		{94A50445-80EA-4F59-99AE-0E286468DD9C}.Release|Any CPU.ActiveCfg = Release|Any CPU
		{94A50445-80EA-4F59-99AE-0E286468DD9C}.Release|Any CPU.Build.0 = Release|Any CPU
	EndGlobalSection
	GlobalSection(SolutionProperties) = preSolution
		HideSolutionNode = FALSE
	EndGlobalSection
	GlobalSection(ExtensibilityGlobals) = postSolution
		SolutionGuid = {A1747B68-4897-4CEC-ADEA-6E4633B55524}
	EndGlobalSection
EndGlobal
